
Microsoft Visual Studio Solution File, Format Version 12.00
# Visual Studio Version 16
VisualStudioVersion = 16.0.31005.135
MinimumVisualStudioVersion = 10.0.40219.1
Project("{8BC9CEB8-8B4A-11D0-8D11-00A0C91BC942}") = "pacman_real", "pacman_real\pacman_real.vcxproj", "{E1881A71-2873-4E75-B307-D262E6B73151}"
EndProject
Global
	GlobalSection(SolutionConfigurationPlatforms) = preSolution
		Debug|x64 = Debug|x64
		Debug|x86 = Debug|x86
		Release|x64 = Release|x64
		Release|x86 = Release|x86
	EndGlobalSection
	GlobalSection(ProjectConfigurationPlatforms) = postSolution
		{E1881A71-2873-4E75-B307-D262E6B73151}.Debug|x64.ActiveCfg = Debug|x64
		{E1881A71-2873-4E75-B307-D262E6B73151}.Debug|x64.Build.0 = Debug|x64
		{E1881A71-2873-4E75-B307-D262E6B73151}.Debug|x86.ActiveCfg = Debug|Win32
		{E1881A71-2873-4E75-B307-D262E6B73151}.Debug|x86.Build.0 = Debug|Win32
		{E1881A71-2873-4E75-B307-D262E6B73151}.Release|x64.ActiveCfg = Release|x64
		{E1881A71-2873-4E75-B307-D262E6B73151}.Release|x64.Build.0 = Release|x64
		{E1881A71-2873-4E75-B307-D262E6B73151}.Release|x86.ActiveCfg = Release|Win32
		{E1881A71-2873-4E75-B307-D262E6B73151}.Release|x86.Build.0 = Release|Win32
	EndGlobalSection
	GlobalSection(SolutionProperties) = preSolution
		HideSolutionNode = FALSE
	EndGlobalSection
	GlobalSection(ExtensibilityGlobals) = postSolution
		SolutionGuid = {7B0EBA4E-B0F8-46D6-A37D-AD988B6C4725}
	EndGlobalSection
EndGlobal
